
Microsoft Visual Studio Solution File, Format Version 12.00
# Visual Studio 2013
VisualStudioVersion = 12.0.20623.1 VSUPREVIEW
MinimumVisualStudioVersion = 10.0.40219.1
Project("{FAE04EC0-301F-11D3-BF4B-00C04F79EFBC}") = "A51C", "A51C\A51C.csproj", "{5A458F2A-18CC-430F-9FF7-18EEDA2F7B91}"
EndProject
Project("{FAE04EC0-301F-11D3-BF4B-00C04F79EFBC}") = "A51C.Control.Base", "A51C.Control.Base\A51C.Control.Base.csproj", "{89FB194B-BB15-4463-9340-3B60177E4E77}"
EndProject
Project("{FAE04EC0-301F-11D3-BF4B-00C04F79EFBC}") = "A51C.Control.Fase", "A51C.Control.Fase\A51C.Control.Fase.csproj", "{990DA615-344C-449E-8A28-F3B950A5B5D5}"
EndProject
Project("{FAE04EC0-301F-11D3-BF4B-00C04F79EFBC}") = "A51C.Control.Gase", "A51C.Control.Gase\A51C.Control.Gase.csproj", "{644ADF69-3817-45BE-8F69-BA1098651787}"
EndProject
Project("{FAE04EC0-301F-11D3-BF4B-00C04F79EFBC}") = "A51C.Control.Info", "A51C.Control.Info\A51C.Control.Info.csproj", "{6243B59C-2B3D-4E89-B948-51E9EA8966C7}"
EndProject
Project("{FAE04EC0-301F-11D3-BF4B-00C04F79EFBC}") = "A51C.Control.Mase", "A51C.Control.Mase\A51C.Control.Mase.csproj", "{2AE41EF4-1230-479F-98E5-3C988761B378}"
EndProject
Project("{FAE04EC0-301F-11D3-BF4B-00C04F79EFBC}") = "A51C.Control.Tase", "A51C.Control.Tase\A51C.Control.Tase.csproj", "{DFDF2FE2-12CE-45B8-B885-8EF66957486D}"
EndProject
Project("{FAE04EC0-301F-11D3-BF4B-00C04F79EFBC}") = "A51C.Main", "A51C.Main\A51C.Main.csproj", "{C41770D8-1628-4030-9B8D-2DB06387AB85}"
	ProjectSection(ProjectDependencies) = postProject
		{F2007678-DEA8-4656-AA31-5DACA6F9790A} = {F2007678-DEA8-4656-AA31-5DACA6F9790A}
		{50A48CBF-9E11-41D7-820F-4317DE4E474C} = {50A48CBF-9E11-41D7-820F-4317DE4E474C}
		{9F3871D0-29E3-4E02-8FE9-ECFA9134E9F3} = {9F3871D0-29E3-4E02-8FE9-ECFA9134E9F3}
	EndProjectSection
EndProject
Project("{FAE04EC0-301F-11D3-BF4B-00C04F79EFBC}") = "A51C.Load", "A51C.Main.Load\A51C.Load.csproj", "{ACF41426-1C59-4D8B-AE70-F66A334F88EE}"
EndProject
Project("{FAE04EC0-301F-11D3-BF4B-00C04F79EFBC}") = "A51C.Dens", "A51C.Main.File.Ens\A51C.Dens.csproj", "{B42232D3-2817-416A-83AF-76266DA916F4}"
EndProject
Project("{FAE04EC0-301F-11D3-BF4B-00C04F79EFBC}") = "A51C.Main.Theme", "A51C.Main.Theme\A51C.Main.Theme.csproj", "{B4CC5CFE-A414-49C1-AFED-8F32E5E7EE70}"
EndProject
Project("{FAE04EC0-301F-11D3-BF4B-00C04F79EFBC}") = "A51C.Main.Theme.Default", "A51C.Main.Theme.Default\A51C.Main.Theme.Default.csproj", "{16E89D6C-842E-4E55-A1E5-6891D58287C3}"
EndProject
Project("{FAE04EC0-301F-11D3-BF4B-00C04F79EFBC}") = "A51C.Main.Theme.Font", "A51C.Main.Theme.Font\A51C.Main.Theme.Font.csproj", "{31C83219-34C8-48D0-97AF-55C754F6AB59}"
EndProject
Project("{FAE04EC0-301F-11D3-BF4B-00C04F79EFBC}") = "A51C.Main.Config", "A51C.Main.Config\A51C.Main.Config.csproj", "{AE836C63-6BF7-4309-AB8C-A8E39444B0CD}"
EndProject
Project("{FAE04EC0-301F-11D3-BF4B-00C04F79EFBC}") = "A51C.Main.Base", "A51C.Main.Base\A51C.Main.Base.csproj", "{413F6153-624F-42B8-83A0-5C664CF276B9}"
EndProject
Project("{FAE04EC0-301F-11D3-BF4B-00C04F79EFBC}") = "A51C.Main.Map", "A51C.Main.Map\A51C.Main.Map.csproj", "{6249BB42-C567-4FD1-9FCF-51DE833F30DE}"
EndProject
Project("{FAE04EC0-301F-11D3-BF4B-00C04F79EFBC}") = "A51C.Main.Tile", "A51C.Main.Tile\A51C.Main.Tile.csproj", "{F0F65958-D3E9-4346-9F5D-77D6661B996E}"
EndProject
Project("{FAE04EC0-301F-11D3-BF4B-00C04F79EFBC}") = "A51C.Main.Guard", "A51C.Main.Guard\A51C.Main.Guard.csproj", "{2FC8E88A-DCFD-4D93-9822-7FA005897ED6}"
EndProject
Project("{FAE04EC0-301F-11D3-BF4B-00C04F79EFBC}") = "A51C.Main.Guard.List", "A51C.Main.Guard.List\A51C.Main.Guard.List.csproj", "{78BFE845-0DFC-4D80-8650-C7B8F73EF1A2}"
EndProject
Project("{FAE04EC0-301F-11D3-BF4B-00C04F79EFBC}") = "A51C.Plugin.Test", "A51C.Plugin.Test\A51C.Plugin.Test.csproj", "{9F3871D0-29E3-4E02-8FE9-ECFA9134E9F3}"
EndProject
Project("{FAE04EC0-301F-11D3-BF4B-00C04F79EFBC}") = "A51C.Plugin.Safe", "A51C.Plugin.Safe\A51C.Plugin.Safe.csproj", "{F2007678-DEA8-4656-AA31-5DACA6F9790A}"
EndProject
Project("{FAE04EC0-301F-11D3-BF4B-00C04F79EFBC}") = "A51C.Plugin.Home", "A51C.Plugin.Home\A51C.Plugin.Home.csproj", "{50A48CBF-9E11-41D7-820F-4317DE4E474C}"
EndProject
Global
	GlobalSection(SolutionConfigurationPlatforms) = preSolution
		Debug|Any CPU = Debug|Any CPU
		Release|Any CPU = Release|Any CPU
	EndGlobalSection
	GlobalSection(ProjectConfigurationPlatforms) = postSolution
		{5A458F2A-18CC-430F-9FF7-18EEDA2F7B91}.Debug|Any CPU.ActiveCfg = Debug|Any CPU
		{5A458F2A-18CC-430F-9FF7-18EEDA2F7B91}.Debug|Any CPU.Build.0 = Debug|Any CPU
		{5A458F2A-18CC-430F-9FF7-18EEDA2F7B91}.Release|Any CPU.ActiveCfg = Release|Any CPU
		{5A458F2A-18CC-430F-9FF7-18EEDA2F7B91}.Release|Any CPU.Build.0 = Release|Any CPU
		{89FB194B-BB15-4463-9340-3B60177E4E77}.Debug|Any CPU.ActiveCfg = Debug|Any CPU
		{89FB194B-BB15-4463-9340-3B60177E4E77}.Debug|Any CPU.Build.0 = Debug|Any CPU
		{89FB194B-BB15-4463-9340-3B60177E4E77}.Release|Any CPU.ActiveCfg = Release|Any CPU
		{89FB194B-BB15-4463-9340-3B60177E4E77}.Release|Any CPU.Build.0 = Release|Any CPU
		{990DA615-344C-449E-8A28-F3B950A5B5D5}.Debug|Any CPU.ActiveCfg = Debug|Any CPU
		{990DA615-344C-449E-8A28-F3B950A5B5D5}.Debug|Any CPU.Build.0 = Debug|Any CPU
		{990DA615-344C-449E-8A28-F3B950A5B5D5}.Release|Any CPU.ActiveCfg = Release|Any CPU
		{990DA615-344C-449E-8A28-F3B950A5B5D5}.Release|Any CPU.Build.0 = Release|Any CPU
		{644ADF69-3817-45BE-8F69-BA1098651787}.Debug|Any CPU.ActiveCfg = Debug|Any CPU
		{644ADF69-3817-45BE-8F69-BA1098651787}.Debug|Any CPU.Build.0 = Debug|Any CPU
		{644ADF69-3817-45BE-8F69-BA1098651787}.Release|Any CPU.ActiveCfg = Release|Any CPU
		{644ADF69-3817-45BE-8F69-BA1098651787}.Release|Any CPU.Build.0 = Release|Any CPU
		{6243B59C-2B3D-4E89-B948-51E9EA8966C7}.Debug|Any CPU.ActiveCfg = Debug|Any CPU
		{6243B59C-2B3D-4E89-B948-51E9EA8966C7}.Debug|Any CPU.Build.0 = Debug|Any CPU
		{6243B59C-2B3D-4E89-B948-51E9EA8966C7}.Release|Any CPU.ActiveCfg = Release|Any CPU
		{6243B59C-2B3D-4E89-B948-51E9EA8966C7}.Release|Any CPU.Build.0 = Release|Any CPU
		{2AE41EF4-1230-479F-98E5-3C988761B378}.Debug|Any CPU.ActiveCfg = Debug|Any CPU
		{2AE41EF4-1230-479F-98E5-3C988761B378}.Debug|Any CPU.Build.0 = Debug|Any CPU
		{2AE41EF4-1230-479F-98E5-3C988761B378}.Release|Any CPU.ActiveCfg = Release|Any CPU
		{2AE41EF4-1230-479F-98E5-3C988761B378}.Release|Any CPU.Build.0 = Release|Any CPU
		{DFDF2FE2-12CE-45B8-B885-8EF66957486D}.Debug|Any CPU.ActiveCfg = Debug|Any CPU
		{DFDF2FE2-12CE-45B8-B885-8EF66957486D}.Debug|Any CPU.Build.0 = Debug|Any CPU
		{DFDF2FE2-12CE-45B8-B885-8EF66957486D}.Release|Any CPU.ActiveCfg = Release|Any CPU
		{DFDF2FE2-12CE-45B8-B885-8EF66957486D}.Release|Any CPU.Build.0 = Release|Any CPU
		{C41770D8-1628-4030-9B8D-2DB06387AB85}.Debug|Any CPU.ActiveCfg = Debug|Any CPU
		{C41770D8-1628-4030-9B8D-2DB06387AB85}.Debug|Any CPU.Build.0 = Debug|Any CPU
		{C41770D8-1628-4030-9B8D-2DB06387AB85}.Release|Any CPU.ActiveCfg = Release|Any CPU
		{C41770D8-1628-4030-9B8D-2DB06387AB85}.Release|Any CPU.Build.0 = Release|Any CPU
		{ACF41426-1C59-4D8B-AE70-F66A334F88EE}.Debug|Any CPU.ActiveCfg = Debug|Any CPU
		{ACF41426-1C59-4D8B-AE70-F66A334F88EE}.Debug|Any CPU.Build.0 = Debug|Any CPU
		{ACF41426-1C59-4D8B-AE70-F66A334F88EE}.Release|Any CPU.ActiveCfg = Release|Any CPU
		{ACF41426-1C59-4D8B-AE70-F66A334F88EE}.Release|Any CPU.Build.0 = Release|Any CPU
		{B42232D3-2817-416A-83AF-76266DA916F4}.Debug|Any CPU.ActiveCfg = Debug|Any CPU
		{B42232D3-2817-416A-83AF-76266DA916F4}.Debug|Any CPU.Build.0 = Debug|Any CPU
		{B42232D3-2817-416A-83AF-76266DA916F4}.Release|Any CPU.ActiveCfg = Release|Any CPU
		{B42232D3-2817-416A-83AF-76266DA916F4}.Release|Any CPU.Build.0 = Release|Any CPU
		{B4CC5CFE-A414-49C1-AFED-8F32E5E7EE70}.Debug|Any CPU.ActiveCfg = Debug|Any CPU
		{B4CC5CFE-A414-49C1-AFED-8F32E5E7EE70}.Debug|Any CPU.Build.0 = Debug|Any CPU
		{B4CC5CFE-A414-49C1-AFED-8F32E5E7EE70}.Release|Any CPU.ActiveCfg = Release|Any CPU
		{B4CC5CFE-A414-49C1-AFED-8F32E5E7EE70}.Release|Any CPU.Build.0 = Release|Any CPU
		{16E89D6C-842E-4E55-A1E5-6891D58287C3}.Debug|Any CPU.ActiveCfg = Debug|Any CPU
		{16E89D6C-842E-4E55-A1E5-6891D58287C3}.Debug|Any CPU.Build.0 = Debug|Any CPU
		{16E89D6C-842E-4E55-A1E5-6891D58287C3}.Release|Any CPU.ActiveCfg = Release|Any CPU
		{16E89D6C-842E-4E55-A1E5-6891D58287C3}.Release|Any CPU.Build.0 = Release|Any CPU
		{31C83219-34C8-48D0-97AF-55C754F6AB59}.Debug|Any CPU.ActiveCfg = Debug|Any CPU
		{31C83219-34C8-48D0-97AF-55C754F6AB59}.Debug|Any CPU.Build.0 = Debug|Any CPU
		{31C83219-34C8-48D0-97AF-55C754F6AB59}.Release|Any CPU.ActiveCfg = Release|Any CPU
		{31C83219-34C8-48D0-97AF-55C754F6AB59}.Release|Any CPU.Build.0 = Release|Any CPU
		{AE836C63-6BF7-4309-AB8C-A8E39444B0CD}.Debug|Any CPU.ActiveCfg = Debug|Any CPU
		{AE836C63-6BF7-4309-AB8C-A8E39444B0CD}.Debug|Any CPU.Build.0 = Debug|Any CPU
		{AE836C63-6BF7-4309-AB8C-A8E39444B0CD}.Release|Any CPU.ActiveCfg = Release|Any CPU
		{AE836C63-6BF7-4309-AB8C-A8E39444B0CD}.Release|Any CPU.Build.0 = Release|Any CPU
		{413F6153-624F-42B8-83A0-5C664CF276B9}.Debug|Any CPU.ActiveCfg = Debug|Any CPU
		{413F6153-624F-42B8-83A0-5C664CF276B9}.Debug|Any CPU.Build.0 = Debug|Any CPU
		{413F6153-624F-42B8-83A0-5C664CF276B9}.Release|Any CPU.ActiveCfg = Release|Any CPU
		{413F6153-624F-42B8-83A0-5C664CF276B9}.Release|Any CPU.Build.0 = Release|Any CPU
		{6249BB42-C567-4FD1-9FCF-51DE833F30DE}.Debug|Any CPU.ActiveCfg = Debug|Any CPU
		{6249BB42-C567-4FD1-9FCF-51DE833F30DE}.Debug|Any CPU.Build.0 = Debug|Any CPU
		{6249BB42-C567-4FD1-9FCF-51DE833F30DE}.Release|Any CPU.ActiveCfg = Release|Any CPU
		{6249BB42-C567-4FD1-9FCF-51DE833F30DE}.Release|Any CPU.Build.0 = Release|Any CPU
		{F0F65958-D3E9-4346-9F5D-77D6661B996E}.Debug|Any CPU.ActiveCfg = Debug|Any CPU
		{F0F65958-D3E9-4346-9F5D-77D6661B996E}.Debug|Any CPU.Build.0 = Debug|Any CPU
		{F0F65958-D3E9-4346-9F5D-77D6661B996E}.Release|Any CPU.ActiveCfg = Release|Any CPU
		{F0F65958-D3E9-4346-9F5D-77D6661B996E}.Release|Any CPU.Build.0 = Release|Any CPU
		{2FC8E88A-DCFD-4D93-9822-7FA005897ED6}.Debug|Any CPU.ActiveCfg = Debug|Any CPU
		{2FC8E88A-DCFD-4D93-9822-7FA005897ED6}.Debug|Any CPU.Build.0 = Debug|Any CPU
		{2FC8E88A-DCFD-4D93-9822-7FA005897ED6}.Release|Any CPU.ActiveCfg = Release|Any CPU
		{2FC8E88A-DCFD-4D93-9822-7FA005897ED6}.Release|Any CPU.Build.0 = Release|Any CPU
		{78BFE845-0DFC-4D80-8650-C7B8F73EF1A2}.Debug|Any CPU.ActiveCfg = Debug|Any CPU
		{78BFE845-0DFC-4D80-8650-C7B8F73EF1A2}.Debug|Any CPU.Build.0 = Debug|Any CPU
		{78BFE845-0DFC-4D80-8650-C7B8F73EF1A2}.Release|Any CPU.ActiveCfg = Release|Any CPU
		{78BFE845-0DFC-4D80-8650-C7B8F73EF1A2}.Release|Any CPU.Build.0 = Release|Any CPU
		{9F3871D0-29E3-4E02-8FE9-ECFA9134E9F3}.Debug|Any CPU.ActiveCfg = Debug|Any CPU
		{9F3871D0-29E3-4E02-8FE9-ECFA9134E9F3}.Debug|Any CPU.Build.0 = Debug|Any CPU
		{9F3871D0-29E3-4E02-8FE9-ECFA9134E9F3}.Release|Any CPU.ActiveCfg = Release|Any CPU
		{9F3871D0-29E3-4E02-8FE9-ECFA9134E9F3}.Release|Any CPU.Build.0 = Release|Any CPU
		{F2007678-DEA8-4656-AA31-5DACA6F9790A}.Debug|Any CPU.ActiveCfg = Debug|Any CPU
		{F2007678-DEA8-4656-AA31-5DACA6F9790A}.Debug|Any CPU.Build.0 = Debug|Any CPU
		{F2007678-DEA8-4656-AA31-5DACA6F9790A}.Release|Any CPU.ActiveCfg = Release|Any CPU
		{F2007678-DEA8-4656-AA31-5DACA6F9790A}.Release|Any CPU.Build.0 = Release|Any CPU
		{50A48CBF-9E11-41D7-820F-4317DE4E474C}.Debug|Any CPU.ActiveCfg = Debug|Any CPU
		{50A48CBF-9E11-41D7-820F-4317DE4E474C}.Debug|Any CPU.Build.0 = Debug|Any CPU
		{50A48CBF-9E11-41D7-820F-4317DE4E474C}.Release|Any CPU.ActiveCfg = Release|Any CPU
		{50A48CBF-9E11-41D7-820F-4317DE4E474C}.Release|Any CPU.Build.0 = Release|Any CPU
	EndGlobalSection
	GlobalSection(SolutionProperties) = preSolution
		HideSolutionNode = FALSE
	EndGlobalSection
EndGlobal
